
Microsoft Visual Studio Solution File, Format Version 12.00
# Visual Studio 15
VisualStudioVersion = 15.0.26730.16
MinimumVisualStudioVersion = 10.0.40219.1
Project("{FAE04EC0-301F-11D3-BF4B-00C04F79EFBC}") = "InventoryCollection", "InventoryCollection\InventoryCollection.csproj", "{F8020FD7-91CE-4FA4-99BA-74AB1C505269}"
EndProject
Global
	GlobalSection(SolutionConfigurationPlatforms) = preSolution
		Debug|Any CPU = Debug|Any CPU
		Release|Any CPU = Release|Any CPU
	EndGlobalSection
	GlobalSection(ProjectConfigurationPlatforms) = postSolution
		{F8020FD7-91CE-4FA4-99BA-74AB1C505269}.Debug|Any CPU.ActiveCfg = Debug|Any CPU
		{F8020FD7-91CE-4FA4-99BA-74AB1C505269}.Debug|Any CPU.Build.0 = Debug|Any CPU
		{F8020FD7-91CE-4FA4-99BA-74AB1C505269}.Release|Any CPU.ActiveCfg = Release|Any CPU
		{F8020FD7-91CE-4FA4-99BA-74AB1C505269}.Release|Any CPU.Build.0 = Release|Any CPU
	EndGlobalSection
	GlobalSection(SolutionProperties) = preSolution
		HideSolutionNode = FALSE
	EndGlobalSection
	GlobalSection(ExtensibilityGlobals) = postSolution
		SolutionGuid = {EA5404F8-EF2C-4956-A61F-DED52A4FEB34}
	EndGlobalSection
EndGlobal
